dependencies:
- name: awsgw
  repository: ""
  version: 0.1.0
- name: k8sgw
  repository: ""
  version: 0.1.0
- name: promgw
  repository: ""
  version: 0.1.0
- name: loggw-loki
  repository: ""
  version: 0.1.0
- name: azuregw
  repository: ""
  version: 0.1.0
- name: gcpgw
  repository: ""
  version: 0.1.0
- name: tracegw
  repository: ""
  version: 0.1.0
- name: opscruise-node-exporter
  repository: ""
  version: 0.1.0
- name: opscruise-node-exporter-new
  repository: ""
  version: 0.1.0
- name: prometheus-yace-exporter
  repository: https://mogaal.github.io/helm-charts
  version: 0.5.0
- name: cadvisor
  repository: ""
  version: 0.1.0
- name: kube-state-metrics
  repository: ""
  version: 0.1.0
- name: fluent-bit
  repository: https://fluent.github.io/helm-charts
  version: 0.20.2
- name: prometheus
  repository: ""
  version: 0.1.0
- name: loki-stack
  repository: https://grafana.github.io/helm-charts
  version: 2.3.0
- name: jaeger
  repository: https://jaegertracing.github.io/helm-charts
  version: 0.47.0
- name: jaeger-operator
  repository: https://jaegertracing.github.io/helm-charts
  version: 2.24.0
- name: prometheus-postgres-exporter
  repository: https://prometheus-community.github.io/helm-charts
  version: 2.4.0
- name: prometheus-mongodb-exporter
  repository: https://prometheus-community.github.io/helm-charts
  version: 2.8.1
- name: kafka-exporter
  repository: ""
  version: 0.1.0
- name: prometheus-mysql-exporter
  repository: https://prometheus-community.github.io/helm-charts
  version: 1.5.0
- name: influxdb-exporter
  repository: ""
  version: 0.1.0
- name: x509-certificate-exporter
  repository: https://charts.enix.io
  version: 3.4.0
digest: sha256:9e3022ccc568bdbbe69e21ccfeaf048c3927488b9fef1742d2c99c4e167058d1
generated: "2022-10-21T19:06:09.849372062+05:30"
